PODS:
  - ALWlibwebp (0.1.1):
    - ALWlibwebp/Decoder (= 0.1.1)
    - ALWlibwebp/libwebp (= 0.1.1)
  - ALWlibwebp/Decoder (0.1.1):
    - ALWlibwebp/libwebp
  - ALWlibwebp/libwebp (0.1.1):
    - ALWlibwebp/libwebp/core (= 0.1.1)
    - ALWlibwebp/libwebp/dec (= 0.1.1)
    - ALWlibwebp/libwebp/demux (= 0.1.1)
    - ALWlibwebp/libwebp/dsp (= 0.1.1)
    - ALWlibwebp/libwebp/enc (= 0.1.1)
    - ALWlibwebp/libwebp/mux (= 0.1.1)
    - ALWlibwebp/libwebp/utils (= 0.1.1)
    - ALWlibwebp/libwebp/webp (= 0.1.1)
  - ALWlibwebp/libwebp/core (0.1.1):
    - ALWlibwebp/libwebp/webp
  - ALWlibwebp/libwebp/dec (0.1.1):
    - ALWlibwebp/libwebp/core
  - ALWlibwebp/libwebp/demux (0.1.1):
    - ALWlibwebp/libwebp/core
  - ALWlibwebp/libwebp/dsp (0.1.1):
    - ALWlibwebp/libwebp/core
  - ALWlibwebp/libwebp/enc (0.1.1):
    - ALWlibwebp/libwebp/core
  - ALWlibwebp/libwebp/mux (0.1.1):
    - ALWlibwebp/libwebp/core
  - ALWlibwebp/libwebp/utils (0.1.1):
    - ALWlibwebp/libwebp/core
  - ALWlibwebp/libwebp/webp (0.1.1)

DEPENDENCIES:
  - ALWlibwebp (from `../`)

EXTERNAL SOURCES:
  ALWlibwebp:
    :path: ../

SPEC CHECKSUMS:
  ALWlibwebp: 611fda7f070233e27d20b8b9ca07da0dd5aea5d5

PODFILE CHECKSUM: 555e702447e12ed1e6693f23adf1f1196486148d

COCOAPODS: 1.3.1
